
Microsoft Visual Studio Solution File, Format Version 12.00
# Visual Studio 15
VisualStudioVersion = 15.0.35116.124
MinimumVisualStudioVersion = 10.0.40219.1
Project("{FAE04EC0-301F-11D3-BF4B-00C04F79EFBC}") = "App1", "App1\App1.csproj", "{C480E6C5-41D3-4F2D-9F1A-E5EACEFEDB51}"
EndProject
Global
	GlobalSection(SolutionConfigurationPlatforms) = preSolution
		Debug|ARM = Debug|ARM
		Debug|ARM64 = Debug|ARM64
		Debug|x64 = Debug|x64
		Debug|x86 = Debug|x86
		Release|ARM = Release|ARM
		Release|ARM64 = Release|ARM64
		Release|x64 = Release|x64
		Release|x86 = Release|x86
	EndGlobalSection
	GlobalSection(ProjectConfigurationPlatforms) = postSolution
		{C480E6C5-41D3-4F2D-9F1A-E5EACEFEDB51}.Debug|ARM.ActiveCfg = Debug|ARM
		{C480E6C5-41D3-4F2D-9F1A-E5EACEFEDB51}.Debug|ARM.Build.0 = Debug|ARM
		{C480E6C5-41D3-4F2D-9F1A-E5EACEFEDB51}.Debug|ARM.Deploy.0 = Debug|ARM
		{C480E6C5-41D3-4F2D-9F1A-E5EACEFEDB51}.Debug|ARM64.ActiveCfg = Debug|ARM64
		{C480E6C5-41D3-4F2D-9F1A-E5EACEFEDB51}.Debug|ARM64.Build.0 = Debug|ARM64
		{C480E6C5-41D3-4F2D-9F1A-E5EACEFEDB51}.Debug|ARM64.Deploy.0 = Debug|ARM64
		{C480E6C5-41D3-4F2D-9F1A-E5EACEFEDB51}.Debug|x64.ActiveCfg = Debug|x64
		{C480E6C5-41D3-4F2D-9F1A-E5EACEFEDB51}.Debug|x64.Build.0 = Debug|x64
		{C480E6C5-41D3-4F2D-9F1A-E5EACEFEDB51}.Debug|x64.Deploy.0 = Debug|x64
		{C480E6C5-41D3-4F2D-9F1A-E5EACEFEDB51}.Debug|x86.ActiveCfg = Debug|x86
		{C480E6C5-41D3-4F2D-9F1A-E5EACEFEDB51}.Debug|x86.Build.0 = Debug|x86
		{C480E6C5-41D3-4F2D-9F1A-E5EACEFEDB51}.Debug|x86.Deploy.0 = Debug|x86
		{C480E6C5-41D3-4F2D-9F1A-E5EACEFEDB51}.Release|ARM.ActiveCfg = Release|ARM
		{C480E6C5-41D3-4F2D-9F1A-E5EACEFEDB51}.Release|ARM.Build.0 = Release|ARM
		{C480E6C5-41D3-4F2D-9F1A-E5EACEFEDB51}.Release|ARM.Deploy.0 = Release|ARM
		{C480E6C5-41D3-4F2D-9F1A-E5EACEFEDB51}.Release|ARM64.ActiveCfg = Release|ARM64
		{C480E6C5-41D3-4F2D-9F1A-E5EACEFEDB51}.Release|ARM64.Build.0 = Release|ARM64
		{C480E6C5-41D3-4F2D-9F1A-E5EACEFEDB51}.Release|ARM64.Deploy.0 = Release|ARM64
		{C480E6C5-41D3-4F2D-9F1A-E5EACEFEDB51}.Release|x64.ActiveCfg = Release|x64
		{C480E6C5-41D3-4F2D-9F1A-E5EACEFEDB51}.Release|x64.Build.0 = Release|x64
		{C480E6C5-41D3-4F2D-9F1A-E5EACEFEDB51}.Release|x64.Deploy.0 = Release|x64
		{C480E6C5-41D3-4F2D-9F1A-E5EACEFEDB51}.Release|x86.ActiveCfg = Release|x86
		{C480E6C5-41D3-4F2D-9F1A-E5EACEFEDB51}.Release|x86.Build.0 = Release|x86
		{C480E6C5-41D3-4F2D-9F1A-E5EACEFEDB51}.Release|x86.Deploy.0 = Release|x86
	EndGlobalSection
	GlobalSection(SolutionProperties) = preSolution
		HideSolutionNode = FALSE
	EndGlobalSection
	GlobalSection(ExtensibilityGlobals) = postSolution
		SolutionGuid = {AD16BD26-9267-4ACB-832D-9BE4E6686163}
	EndGlobalSection
EndGlobal
